
Microsoft Visual Studio Solution File, Format Version 12.00
# Visual Studio Version 16
VisualStudioVersion = 16.0.29123.88
MinimumVisualStudioVersion = 10.0.40219.1
Project("{FAE04EC0-301F-11D3-BF4B-00C04F79EFBC}") = "Model", "Model\Model.csproj", "{4BA7276A-4BB1-4DFA-8253-507C89F66A87}"
EndProject
Project("{FAE04EC0-301F-11D3-BF4B-00C04F79EFBC}") = "Repository", "Repository\Repository.csproj", "{9423F8DE-E247-4C8A-A97B-9EC3AD1B46EC}"
EndProject
Project("{FAE04EC0-301F-11D3-BF4B-00C04F79EFBC}") = "View", "View\View.csproj", "{3CDE54FC-EA93-454B-9FAA-B9A53C48EE06}"
EndProject
Global
	GlobalSection(SolutionConfigurationPlatforms) = preSolution
		Debug|Any CPU = Debug|Any CPU
		Release|Any CPU = Release|Any CPU
	EndGlobalSection
	GlobalSection(ProjectConfigurationPlatforms) = postSolution
		{4BA7276A-4BB1-4DFA-8253-507C89F66A87}.Debug|Any CPU.ActiveCfg = Debug|Any CPU
		{4BA7276A-4BB1-4DFA-8253-507C89F66A87}.Debug|Any CPU.Build.0 = Debug|Any CPU
		{4BA7276A-4BB1-4DFA-8253-507C89F66A87}.Release|Any CPU.ActiveCfg = Release|Any CPU
		{4BA7276A-4BB1-4DFA-8253-507C89F66A87}.Release|Any CPU.Build.0 = Release|Any CPU
		{9423F8DE-E247-4C8A-A97B-9EC3AD1B46EC}.Debug|Any CPU.ActiveCfg = Debug|Any CPU
		{9423F8DE-E247-4C8A-A97B-9EC3AD1B46EC}.Debug|Any CPU.Build.0 = Debug|Any CPU
		{9423F8DE-E247-4C8A-A97B-9EC3AD1B46EC}.Release|Any CPU.ActiveCfg = Release|Any CPU
		{9423F8DE-E247-4C8A-A97B-9EC3AD1B46EC}.Release|Any CPU.Build.0 = Release|Any CPU
		{3CDE54FC-EA93-454B-9FAA-B9A53C48EE06}.Debug|Any CPU.ActiveCfg = Debug|Any CPU
		{3CDE54FC-EA93-454B-9FAA-B9A53C48EE06}.Debug|Any CPU.Build.0 = Debug|Any CPU
		{3CDE54FC-EA93-454B-9FAA-B9A53C48EE06}.Release|Any CPU.ActiveCfg = Release|Any CPU
		{3CDE54FC-EA93-454B-9FAA-B9A53C48EE06}.Release|Any CPU.Build.0 = Release|Any CPU
	EndGlobalSection
	GlobalSection(SolutionProperties) = preSolution
		HideSolutionNode = FALSE
	EndGlobalSection
	GlobalSection(ExtensibilityGlobals) = postSolution
		SolutionGuid = {3E8CA8C8-659E-4EE8-8703-9DC889F3E711}
	EndGlobalSection
EndGlobal
